
Microsoft Visual Studio Solution File, Format Version 12.00
# Visual Studio 15
VisualStudioVersion = 15.0.26730.12
MinimumVisualStudioVersion = 10.0.40219.1
Project("{FAE04EC0-301F-11D3-BF4B-00C04F79EFBC}") = "eCafe.Core", "eCafe.Core\eCafe.Core.csproj", "{C8A1CC61-D75D-481E-8D4C-091525AEB81B}"
EndProject
Project("{FAE04EC0-301F-11D3-BF4B-00C04F79EFBC}") = "eCafe.Infrastructure", "eCafe.Data\eCafe.Infrastructure.csproj", "{88EF6F3F-DA92-4C8A-A5AE-966AF79A69C2}"
EndProject
Project("{FAE04EC0-301F-11D3-BF4B-00C04F79EFBC}") = "eCafe.WebUI", "eCafe.WebUI\eCafe.WebUI.csproj", "{E0676398-14FA-4915-A95B-9AF8C83F3B50}"
EndProject
Global
	GlobalSection(SolutionConfigurationPlatforms) = preSolution
		Debug|Any CPU = Debug|Any CPU
		Release|Any CPU = Release|Any CPU
	EndGlobalSection
	GlobalSection(ProjectConfigurationPlatforms) = postSolution
		{C8A1CC61-D75D-481E-8D4C-091525AEB81B}.Debug|Any CPU.ActiveCfg = Debug|Any CPU
		{C8A1CC61-D75D-481E-8D4C-091525AEB81B}.Debug|Any CPU.Build.0 = Debug|Any CPU
		{C8A1CC61-D75D-481E-8D4C-091525AEB81B}.Release|Any CPU.ActiveCfg = Release|Any CPU
		{C8A1CC61-D75D-481E-8D4C-091525AEB81B}.Release|Any CPU.Build.0 = Release|Any CPU
		{88EF6F3F-DA92-4C8A-A5AE-966AF79A69C2}.Debug|Any CPU.ActiveCfg = Debug|Any CPU
		{88EF6F3F-DA92-4C8A-A5AE-966AF79A69C2}.Debug|Any CPU.Build.0 = Debug|Any CPU
		{88EF6F3F-DA92-4C8A-A5AE-966AF79A69C2}.Release|Any CPU.ActiveCfg = Release|Any CPU
		{88EF6F3F-DA92-4C8A-A5AE-966AF79A69C2}.Release|Any CPU.Build.0 = Release|Any CPU
		{E0676398-14FA-4915-A95B-9AF8C83F3B50}.Debug|Any CPU.ActiveCfg = Debug|Any CPU
		{E0676398-14FA-4915-A95B-9AF8C83F3B50}.Debug|Any CPU.Build.0 = Debug|Any CPU
		{E0676398-14FA-4915-A95B-9AF8C83F3B50}.Release|Any CPU.ActiveCfg = Release|Any CPU
		{E0676398-14FA-4915-A95B-9AF8C83F3B50}.Release|Any CPU.Build.0 = Release|Any CPU
	EndGlobalSection
	GlobalSection(SolutionProperties) = preSolution
		HideSolutionNode = FALSE
	EndGlobalSection
	GlobalSection(ExtensibilityGlobals) = postSolution
		SolutionGuid = {452A7E05-92EF-4699-81BA-79DF95334A32}
	EndGlobalSection
EndGlobal
